
Microsoft Visual Studio Solution File, Format Version 12.00
# Visual Studio Version 17
VisualStudioVersion = 17.14.36518.9
MinimumVisualStudioVersion = 10.0.40219.1
Project("{FAE04EC0-301F-11D3-BF4B-00C04F79EFBC}") = "EFSample.App", "EFSample\EFSample.App.csproj", "{DE5F5796-B2D3-489A-A5BE-5686F4154469}"
EndProject
Project("{FAE04EC0-301F-11D3-BF4B-00C04F79EFBC}") = "EFSample.Domain", "EFSample.Domain\EFSample.Domain.csproj", "{490B2B44-1969-45D4-8448-3BBAF72006A0}"
EndProject
Project("{FAE04EC0-301F-11D3-BF4B-00C04F79EFBC}") = "EFSample.Infrastructure", "EFSample.Infrastructure\EFSample.Infrastructure.csproj", "{A1B8D306-AB6E-40E5-98E9-29AE101E403D}"
EndProject
Global
	GlobalSection(SolutionConfigurationPlatforms) = preSolution
		Debug|Any CPU = Debug|Any CPU
		Release|Any CPU = Release|Any CPU
	EndGlobalSection
	GlobalSection(ProjectConfigurationPlatforms) = postSolution
		{DE5F5796-B2D3-489A-A5BE-5686F4154469}.Debug|Any CPU.ActiveCfg = Debug|Any CPU
		{DE5F5796-B2D3-489A-A5BE-5686F4154469}.Debug|Any CPU.Build.0 = Debug|Any CPU
		{DE5F5796-B2D3-489A-A5BE-5686F4154469}.Release|Any CPU.ActiveCfg = Release|Any CPU
		{DE5F5796-B2D3-489A-A5BE-5686F4154469}.Release|Any CPU.Build.0 = Release|Any CPU
		{490B2B44-1969-45D4-8448-3BBAF72006A0}.Debug|Any CPU.ActiveCfg = Debug|Any CPU
		{490B2B44-1969-45D4-8448-3BBAF72006A0}.Debug|Any CPU.Build.0 = Debug|Any CPU
		{490B2B44-1969-45D4-8448-3BBAF72006A0}.Release|Any CPU.ActiveCfg = Release|Any CPU
		{490B2B44-1969-45D4-8448-3BBAF72006A0}.Release|Any CPU.Build.0 = Release|Any CPU
		{A1B8D306-AB6E-40E5-98E9-29AE101E403D}.Debug|Any CPU.ActiveCfg = Debug|Any CPU
		{A1B8D306-AB6E-40E5-98E9-29AE101E403D}.Debug|Any CPU.Build.0 = Debug|Any CPU
		{A1B8D306-AB6E-40E5-98E9-29AE101E403D}.Release|Any CPU.ActiveCfg = Release|Any CPU
		{A1B8D306-AB6E-40E5-98E9-29AE101E403D}.Release|Any CPU.Build.0 = Release|Any CPU
	EndGlobalSection
	GlobalSection(SolutionProperties) = preSolution
		HideSolutionNode = FALSE
	EndGlobalSection
	GlobalSection(ExtensibilityGlobals) = postSolution
		SolutionGuid = {4B0291E9-0DD4-48A5-8B31-2D67C8D25F5E}
	EndGlobalSection
EndGlobal
